
Microsoft Visual Studio Solution File, Format Version 12.00
# Visual Studio Version 16
VisualStudioVersion = 16.0.30517.126
MinimumVisualStudioVersion = 10.0.40219.1
Project("{FAE04EC0-301F-11D3-BF4B-00C04F79EFBC}") = "Day9projectASP", "Day9projectASP\Day9projectASP.csproj", "{A0A0A5D4-E480-4D24-9232-EE2C100E0558}"
EndProject
Global
	GlobalSection(SolutionConfigurationPlatforms) = preSolution
		Debug|Any CPU = Debug|Any CPU
		Release|Any CPU = Release|Any CPU
	EndGlobalSection
	GlobalSection(ProjectConfigurationPlatforms) = postSolution
		{A0A0A5D4-E480-4D24-9232-EE2C100E0558}.Debug|Any CPU.ActiveCfg = Debug|Any CPU
		{A0A0A5D4-E480-4D24-9232-EE2C100E0558}.Debug|Any CPU.Build.0 = Debug|Any CPU
		{A0A0A5D4-E480-4D24-9232-EE2C100E0558}.Release|Any CPU.ActiveCfg = Release|Any CPU
		{A0A0A5D4-E480-4D24-9232-EE2C100E0558}.Release|Any CPU.Build.0 = Release|Any CPU
	EndGlobalSection
	GlobalSection(SolutionProperties) = preSolution
		HideSolutionNode = FALSE
	EndGlobalSection
	GlobalSection(ExtensibilityGlobals) = postSolution
		SolutionGuid = {0C43DFE1-FC06-43DE-B2F4-58E41BDEF4F1}
	EndGlobalSection
EndGlobal
